
Microsoft Visual Studio Solution File, Format Version 12.00
# Visual Studio Version 17
VisualStudioVersion = 17.4.33403.182
MinimumVisualStudioVersion = 10.0.40219.1
Project("{FAE04EC0-301F-11D3-BF4B-00C04F79EFBC}") = "ServerSupervisor", "ServerSupervisor\ServerSupervisor.csproj", "{A2C20090-9C91-4D46-846C-EDF7A6C27197}"
EndProject
Global
	GlobalSection(SolutionConfigurationPlatforms) = preSolution
		Debug|Any CPU = Debug|Any CPU
		Release|Any CPU = Release|Any CPU
	EndGlobalSection
	GlobalSection(ProjectConfigurationPlatforms) = postSolution
		{A2C20090-9C91-4D46-846C-EDF7A6C27197}.Debug|Any CPU.ActiveCfg = Debug|Any CPU
		{A2C20090-9C91-4D46-846C-EDF7A6C27197}.Debug|Any CPU.Build.0 = Debug|Any CPU
		{A2C20090-9C91-4D46-846C-EDF7A6C27197}.Release|Any CPU.ActiveCfg = Release|Any CPU
		{A2C20090-9C91-4D46-846C-EDF7A6C27197}.Release|Any CPU.Build.0 = Release|Any CPU
	EndGlobalSection
	GlobalSection(SolutionProperties) = preSolution
		HideSolutionNode = FALSE
	EndGlobalSection
	GlobalSection(ExtensibilityGlobals) = postSolution
		SolutionGuid = {ED6D457C-0F68-44AF-9222-2B83B507840C}
	EndGlobalSection
EndGlobal
